{
  "object": {
    "pins": [
      {
        "package": "Sodium",
        "repositoryURL": "https://github.com/jedisct1/swift-sodium.git",
        "state": {
          "branch": null,
          "revision": "176745ddc4991b27f80c3c2637652eb33b5782eb",
          "version": "0.9.0"
        }
      }
    ]
  },
  "version": 1
}
